
Microsoft Visual Studio Solution File, Format Version 12.00
# Visual Studio Version 16
VisualStudioVersion = 16.0.31702.278
MinimumVisualStudioVersion = 10.0.40219.1
Project("{FAE04EC0-301F-11D3-BF4B-00C04F79EFBC}") = "AppMVVM.Android", "AppMVVM\AppMVVM.Android\AppMVVM.Android.csproj", "{A0EE86D7-8C5D-484C-8732-1ECC1C4CC5D7}"
EndProject
Project("{FAE04EC0-301F-11D3-BF4B-00C04F79EFBC}") = "AppMVVM", "AppMVVM\AppMVVM\AppMVVM.csproj", "{A6B5BFCF-F1E6-4E5D-86A4-1DCC01FC2E5D}"
EndProject
Global
	GlobalSection(SolutionConfigurationPlatforms) = preSolution
		Debug|Any CPU = Debug|Any CPU
		Release|Any CPU = Release|Any CPU
	EndGlobalSection
	GlobalSection(ProjectConfigurationPlatforms) = postSolution
		{A0EE86D7-8C5D-484C-8732-1ECC1C4CC5D7}.Debug|Any CPU.ActiveCfg = Debug|Any CPU
		{A0EE86D7-8C5D-484C-8732-1ECC1C4CC5D7}.Debug|Any CPU.Build.0 = Debug|Any CPU
		{A0EE86D7-8C5D-484C-8732-1ECC1C4CC5D7}.Debug|Any CPU.Deploy.0 = Debug|Any CPU
		{A0EE86D7-8C5D-484C-8732-1ECC1C4CC5D7}.Release|Any CPU.ActiveCfg = Release|Any CPU
		{A0EE86D7-8C5D-484C-8732-1ECC1C4CC5D7}.Release|Any CPU.Build.0 = Release|Any CPU
		{A0EE86D7-8C5D-484C-8732-1ECC1C4CC5D7}.Release|Any CPU.Deploy.0 = Release|Any CPU
		{A6B5BFCF-F1E6-4E5D-86A4-1DCC01FC2E5D}.Debug|Any CPU.ActiveCfg = Debug|Any CPU
		{A6B5BFCF-F1E6-4E5D-86A4-1DCC01FC2E5D}.Debug|Any CPU.Build.0 = Debug|Any CPU
		{A6B5BFCF-F1E6-4E5D-86A4-1DCC01FC2E5D}.Debug|Any CPU.Deploy.0 = Debug|Any CPU
		{A6B5BFCF-F1E6-4E5D-86A4-1DCC01FC2E5D}.Release|Any CPU.ActiveCfg = Release|Any CPU
		{A6B5BFCF-F1E6-4E5D-86A4-1DCC01FC2E5D}.Release|Any CPU.Build.0 = Release|Any CPU
		{A6B5BFCF-F1E6-4E5D-86A4-1DCC01FC2E5D}.Release|Any CPU.Deploy.0 = Release|Any CPU
	EndGlobalSection
	GlobalSection(SolutionProperties) = preSolution
		HideSolutionNode = FALSE
	EndGlobalSection
	GlobalSection(ExtensibilityGlobals) = postSolution
		SolutionGuid = {5C446188-1F81-44D2-BD5B-2C647C98F4D7}
	EndGlobalSection
EndGlobal
